Microsoft Visual Studio Solution File, Format Version 12.00
# Visual Studio Version 17
VisualStudioVersion = 17.5.2.0
MinimumVisualStudioVersion = 10.0.40219.1
Project("{FAE04EC0-301F-11D3-BF4B-00C04F79EFBC}") = "347_Top_K_Frequen_Element", "347_Top_K_Frequen_Element.csproj", "{DE4E0144-45C6-7B4A-97FC-7D8EC6C092E3}"
EndProject
Global
	GlobalSection(SolutionConfigurationPlatforms) = preSolution
		Debug|Any CPU = Debug|Any CPU
		Release|Any CPU = Release|Any CPU
	EndGlobalSection
	GlobalSection(ProjectConfigurationPlatforms) = postSolution
		{DE4E0144-45C6-7B4A-97FC-7D8EC6C092E3}.Debug|Any CPU.ActiveCfg = Debug|Any CPU
		{DE4E0144-45C6-7B4A-97FC-7D8EC6C092E3}.Debug|Any CPU.Build.0 = Debug|Any CPU
		{DE4E0144-45C6-7B4A-97FC-7D8EC6C092E3}.Release|Any CPU.ActiveCfg = Release|Any CPU
		{DE4E0144-45C6-7B4A-97FC-7D8EC6C092E3}.Release|Any CPU.Build.0 = Release|Any CPU
	EndGlobalSection
	GlobalSection(SolutionProperties) = preSolution
		HideSolutionNode = FALSE
	EndGlobalSection
	GlobalSection(ExtensibilityGlobals) = postSolution
		SolutionGuid = {D57CAABE-F1C2-4D9A-BF38-1DE0E63D7013}
	EndGlobalSection
EndGlobal
